# This file is generated by running "yarn install" inside your project.
# Manual changes might be lost - proceed with caution!

__metadata:
  version: 7
  cacheKey: 9

"@react-native/virtualized-lists@npm:^0.72.4":
  version: 0.72.5
  resolution: "@react-native/virtualized-lists@npm:0.72.5"
  dependencies:
    invariant: "npm:^2.2.4"
    nullthrows: "npm:^1.1.1"
  peerDependencies:
    react-native: "*"
    react-test-renderer: 18.2.0
  checksum: 76ec47ba7fd560c2e938f55046aa8d2e27b6e01a00f104c97fc6ce6ca081c20bb0603861c5289d3d4c99cc90369741ebcd916fe5776205f2c2906e5ac29f9f90
  languageName: node
  linkType: hard

"@tsconfig/react-native@npm:^3.0.2":
  version: 3.0.2
  resolution: "@tsconfig/react-native@npm:3.0.2"
  checksum: dcd2c5869df4ed0c708b8d428169f3acf2d824341aa9adefccf6450317997f0fe6c43dd8ebee47276bce4d7a89b309119cbd67990e89814c2dc53e5a21f2f1b7
  languageName: node
  linkType: hard

"@types/prop-types@npm:*":
  version: 15.7.5
  resolution: "@types/prop-types@npm:15.7.5"
  checksum: a6e04a01e1f632cc3fa5fffd79779f2f83a8fec1293cdf29b5a02aa4e1a1b38a124e824205a40de4e66532a0fa33c4f60337b55cec635080ea2571e55910460f
  languageName: node
  linkType: hard

"@types/react-native@npm:^0.72.2":
  version: 0.72.2
  resolution: "@types/react-native@npm:0.72.2"
  dependencies:
    "@react-native/virtualized-lists": "npm:^0.72.4"
    "@types/react": "npm:*"
  checksum: d2df8c89ec1bc2f5c54872aab385d7c6f0b0d6b090624447561363f241fd57858f0e46e308fc7cc82156ae596224b7b05dd5253d463895f671f1a1cafb7c6410
  languageName: node
  linkType: hard

"@types/react@npm:*":
  version: 18.2.12
  resolution: "@types/react@npm:18.2.12"
  dependencies:
    "@types/prop-types": "npm:*"
    "@types/scheduler": "npm:*"
    csstype: "npm:^3.0.2"
  checksum: 870d0ada47889869660333555d45e8d19befb267c2c0de95995df428a714e5ab71b8cda4b59b01ed0f586da8b9eb7e93cd2baa6212a6563ebc0f664e9160e297
  languageName: node
  linkType: hard

"@types/scheduler@npm:*":
  version: 0.16.3
  resolution: "@types/scheduler@npm:0.16.3"
  checksum: 2bfdbd171397a218c87e98dc49e6d747c3cf34cecdcd1df2a05759ae7d5193dead67c68f2fe1ccf52c0c72b18eab75d155f0082913ce97b2fc37e8ef02d9115e
  languageName: node
  linkType: hard

"csstype@npm:^3.0.2":
  version: 3.1.2
  resolution: "csstype@npm:3.1.2"
  checksum: 9f4357df50023d227d535beb807ccf8e6d8ad6b639afe375898214ebde729aa275731a19d9bcbf01444a6904008cc0d47fbbefa5fa5fc59d7d40e3595d0d41ae
  languageName: node
  linkType: hard

"invariant@npm:^2.2.4":
  version: 2.2.4
  resolution: "invariant@npm:2.2.4"
  dependencies:
    loose-envify: "npm:^1.0.0"
  checksum: 5d5f2b8c4ebf418a43764a94c46932620595bbd434897966394d6db2155ce1f3036c37830674d86fb0552334c49cf9831fa9bfb8fc1d151ba4de93f5ffb4d285
  languageName: node
  linkType: hard

"js-tokens@npm:^3.0.0 || ^4.0.0":
  version: 4.0.0
  resolution: "js-tokens@npm:4.0.0"
  checksum: 47d1c18dc6b9eed4baf1db3d81b36feb95b463201c82ffce0d7a4d65ede596ba97d6ac2468974199705db9ef8a3433606af41fc7bbe7cb25c1dd601785413d9b
  languageName: node
  linkType: hard

"loose-envify@npm:^1.0.0":
  version: 1.4.0
  resolution: "loose-envify@npm:1.4.0"
  dependencies:
    js-tokens: "npm:^3.0.0 || ^4.0.0"
  bin:
    loose-envify: cli.js
  checksum: 39c5fc44c6a8f7f8a92cccf174554fbb307477ef493760407920fdd4ed5f6cc1aec5b6a5ab3c3767ef79547b3e1aea09d8ca08d773232c662d910cfe473a0590
  languageName: node
  linkType: hard

"nullthrows@npm:^1.1.1":
  version: 1.1.1
  resolution: "nullthrows@npm:1.1.1"
  checksum: 5bcf69cf40c3840b9864e0f5b6d9326d462ac0aec38b37e3f56087faf9464a74fac76a80f12cb06775d10ea168f3d8a9d87f740a3f01c9bdd5ca85a8816e3380
  languageName: node
  linkType: hard

"react-native-change-icon@workspace:.":
  version: 0.0.0-use.local
  resolution: "react-native-change-icon@workspace:."
  dependencies:
    "@tsconfig/react-native": "npm:^3.0.2"
    "@types/react-native": "npm:^0.72.2"
    typescript: "npm:^5.1.3"
  peerDependencies:
    react-native: "*"
  languageName: unknown
  linkType: soft

"typescript@npm:^5.1.3":
  version: 5.1.3
  resolution: "typescript@npm:5.1.3"
  bin:
    tsc: bin/tsc
    tsserver: bin/tsserver
  checksum: 34f5c10a175ad596eb9ef7b12a0417d830317859754bddde67d6681c8bd7e67a24c88dfab600bf0deeb7355cb0f58faf7ab2a2c34a5d3c96f8420928f0f69b58
  languageName: node
  linkType: hard

"typescript@patch:typescript@npm%3A^5.1.3#optional!builtin<compat/typescript>":
  version: 5.1.3
  resolution: "typescript@patch:typescript@npm%3A5.1.3#optional!builtin<compat/typescript>::version=5.1.3&hash=ad5954"
  bin:
    tsc: bin/tsc
    tsserver: bin/tsserver
  checksum: 24de93b5b464a551b43c62579107f859a1b612840b63ceb8965ed7eaf38519562e879bd2f5c6f0702c5331bbe31d1907dc0c5985dc9bddf7c3b3ea15756a6d78
  languageName: node
  linkType: hard
